// !$*UTF8*$!
{
	archiveVersion = 1;
	classes = {
	};
	objectVersion = 46;
	objects = {

/* Begin PBXBuildFile section */
		CE1134BB1475846B0000C984 /* UIKit.framework in Frameworks */ = {isa = PBXBuildFile; fileRef = CE1134BA1475846B0000C984 /* UIKit.framework */; };
		CE1134BD1475846B0000C984 /* Foundation.framework in Frameworks */ = {isa = PBXBuildFile; fileRef = CE1134BC1475846B0000C984 /* Foundation.framework */; };
		CE1134BF1475846B0000C984 /* CoreGraphics.framework in Frameworks */ = {isa = PBXBuildFile; fileRef = CE1134BE1475846B0000C984 /* CoreGraphics.framework */; };
		CE1134C51475846B0000C984 /* InfoPlist.strings in Resources */ = {isa = PBXBuildFile; fileRef = CE1134C31475846B0000C984 /* InfoPlist.strings */; };
		CE113505147587810000C984 /* ColourViewController.m in Sources */ = {isa = PBXBuildFile; fileRef = CE113504147587810000C984 /* ColourViewController.m */; };
		CE11351A14758B820000C984 /* main.m in Sources */ = {isa = PBXBuildFile; fileRef = CE11351C14758B820000C984 /* main.m */; };
		CE11351D14758B890000C984 /* Storyboard.storyboard in Resources */ = {isa = PBXBuildFile; fileRef = CE11351F14758B890000C984 /* Storyboard.storyboard */; };
		CE11352014758B8F0000C984 /* AppDelegate.m in Sources */ = {isa = PBXBuildFile; fileRef = CE11352214758B8F0000C984 /* AppDelegate.m */; };
		CE11352914758D040000C984 /* Localizable.strings in Resources */ = {isa = PBXBuildFile; fileRef = CE11352B14758D040000C984 /* Localizable.strings */; };
/* End PBXBuildFile section */

/* Begin PBXFileReference section */
		CE1134B61475846B0000C984 /* Storyboard01_Localizable.app */ = {isa = PBXFileReference; explicitFileType = wrapper.application; includeInIndex = 0; path = Storyboard01_Localizable.app; sourceTree = BUILT_PRODUCTS_DIR; };
		CE1134BA1475846B0000C984 /* UIKit.framework */ = {isa = PBXFileReference; lastKnownFileType = wrapper.framework; name = UIKit.framework; path = System/Library/Frameworks/UIKit.framework; sourceTree = SDKROOT; };
		CE1134BC1475846B0000C984 /* Foundation.framework */ = {isa = PBXFileReference; lastKnownFileType = wrapper.framework; name = Foundation.framework; path = System/Library/Frameworks/Foundation.framework; sourceTree = SDKROOT; };
		CE1134BE1475846B0000C984 /* CoreGraphics.framework */ = {isa = PBXFileReference; lastKnownFileType = wrapper.framework; name = CoreGraphics.framework; path = System/Library/Frameworks/CoreGraphics.framework; sourceTree = SDKROOT; };
		CE1134C21475846B0000C984 /* Storyboard01_Localizable-Info.plist */ = {isa = PBXFileReference; lastKnownFileType = text.plist.xml; path = "Storyboard01_Localizable-Info.plist"; sourceTree = "<group>"; };
		CE1134C41475846B0000C984 /* en */ = {isa = PBXFileReference; lastKnownFileType = text.plist.strings; name = en; path = en.lproj/InfoPlist.strings; sourceTree = "<group>"; };
		CE1134C81475846B0000C984 /* Storyboard01_Localizable-Prefix.pch */ = {isa = PBXFileReference; lastKnownFileType = sourcecode.c.h; path = "Storyboard01_Localizable-Prefix.pch"; sourceTree = "<group>"; };
		CE113503147587810000C984 /* ColourViewController.h */ = {isa = PBXFileReference; fileEncoding = 4; lastKnownFileType = sourcecode.c.h; name = ColourViewController.h; path = ../ColourViewController.h; sourceTree = "<group>"; };
		CE113504147587810000C984 /* ColourViewController.m */ = {isa = PBXFileReference; fileEncoding = 4; lastKnownFileType = sourcecode.c.objc; name = ColourViewController.m; path = ../ColourViewController.m; sourceTree = "<group>"; };
		CE11351914758B2B0000C984 /* AppDelegate.h */ = {isa = PBXFileReference; lastKnownFileType = sourcecode.c.h; path = AppDelegate.h; sourceTree = "<group>"; };
		CE11351B14758B820000C984 /* en */ = {isa = PBXFileReference; lastKnownFileType = sourcecode.c.objc; name = en; path = en.lproj/main.m; sourceTree = "<group>"; };
		CE11351E14758B890000C984 /* en */ = {isa = PBXFileReference; lastKnownFileType = file.storyboard; name = en; path = en.lproj/Storyboard.storyboard; sourceTree = "<group>"; };
		CE11352114758B8F0000C984 /* en */ = {isa = PBXFileReference; lastKnownFileType = sourcecode.c.objc; name = en; path = en.lproj/AppDelegate.m; sourceTree = "<group>"; };
		CE11352A14758D040000C984 /* en */ = {isa = PBXFileReference; lastKnownFileType = text.plist.strings; name = en; path = en.lproj/Localizable.strings; sourceTree = "<group>"; };
		CE11352C14758D160000C984 /* de */ = {isa = PBXFileReference; lastKnownFileType = text.plist.strings; name = de; path = de.lproj/Localizable.strings; sourceTree = "<group>"; };
		CEBD3D631475E1F500C2367F /* de */ = {isa = PBXFileReference; lastKnownFileType = file.storyboard; name = de; path = de.lproj/Storyboard.storyboard; sourceTree = "<group>"; };
		CEBD3D651475EC0300C2367F /* de */ = {isa = PBXFileReference; lastKnownFileType = text.plist.strings; name = de; path = de.lproj/InfoPlist.strings; sourceTree = "<group>"; };
/* End PBXFileReference section */

/* Begin PBXFrameworksBuildPhase section */
		CE1134B31475846B0000C984 /* Frameworks */ = {
			isa = PBXFrameworksBuildPhase;
			buildActionMask = 2147483647;
			files = (
				CE1134BB1475846B0000C984 /* UIKit.framework in Frameworks */,
				CE1134BD1475846B0000C984 /* Foundation.framework in Frameworks */,
				CE1134BF1475846B0000C984 /* CoreGraphics.framework in Frameworks */,
			);
			runOnlyForDeploymentPostprocessing = 0;
		};
/* End PBXFrameworksBuildPhase section */

/* Begin PBXGroup section */
		CE1134AB1475846B0000C984 = {
			isa = PBXGroup;
			children = (
				CE11352B14758D040000C984 /* Localizable.strings */,
				CE1134C01475846B0000C984 /* Storyboard01_Localizable */,
				CE11351F14758B890000C984 /* Storyboard.storyboard */,
				CE1134B91475846B0000C984 /* Frameworks */,
				CE1134B71475846B0000C984 /* Products */,
			);
			sourceTree = "<group>";
		};
		CE1134B71475846B0000C984 /* Products */ = {
			isa = PBXGroup;
			children = (
				CE1134B61475846B0000C984 /* Storyboard01_Localizable.app */,
			);
			name = Products;
			sourceTree = "<group>";
		};
		CE1134B91475846B0000C984 /* Frameworks */ = {
			isa = PBXGroup;
			children = (
				CE1134BA1475846B0000C984 /* UIKit.framework */,
				CE1134BC1475846B0000C984 /* Foundation.framework */,
				CE1134BE1475846B0000C984 /* CoreGraphics.framework */,
			);
			name = Frameworks;
			sourceTree = "<group>";
		};
		CE1134C01475846B0000C984 /* Storyboard01_Localizable */ = {
			isa = PBXGroup;
			children = (
				CE11351914758B2B0000C984 /* AppDelegate.h */,
				CE11352214758B8F0000C984 /* AppDelegate.m */,
				CE113503147587810000C984 /* ColourViewController.h */,
				CE113504147587810000C984 /* ColourViewController.m */,
				CE1134C11475846B0000C984 /* Supporting Files */,
			);
			path = Storyboard01_Localizable;
			sourceTree = "<group>";
		};
		CE1134C11475846B0000C984 /* Supporting Files */ = {
			isa = PBXGroup;
			children = (
				CE1134C21475846B0000C984 /* Storyboard01_Localizable-Info.plist */,
				CE1134C31475846B0000C984 /* InfoPlist.strings */,
				CE11351C14758B820000C984 /* main.m */,
				CE1134C81475846B0000C984 /* Storyboard01_Localizable-Prefix.pch */,
			);
			name = "Supporting Files";
			sourceTree = "<group>";
		};
/* End PBXGroup section */

/* Begin PBXNativeTarget section */
		CE1134B51475846B0000C984 /* Storyboard01_Localizable */ = {
			isa = PBXNativeTarget;
			buildConfigurationList = CE1134CE1475846B0000C984 /* Build configuration list for PBXNativeTarget "Storyboard01_Localizable" */;
			buildPhases = (
				CE1134B21475846B0000C984 /* Sources */,
				CE1134B31475846B0000C984 /* Frameworks */,
				CE1134B41475846B0000C984 /* Resources */,
			);
			buildRules = (
			);
			dependencies = (
			);
			name = Storyboard01_Localizable;
			productName = Storyboard01_Localizable;
			productReference = CE1134B61475846B0000C984 /* Storyboard01_Localizable.app */;
			productType = "com.apple.product-type.application";
		};
/* End PBXNativeTarget section */

/* Begin PBXProject section */
		CE1134AD1475846B0000C984 /* Project object */ = {
			isa = PBXProject;
			attributes = {
				LastUpgradeCheck = 0420;
			};
			buildConfigurationList = CE1134B01475846B0000C984 /* Build configuration list for PBXProject "Storyboard01_Localizable" */;
			compatibilityVersion = "Xcode 3.2";
			developmentRegion = English;
			hasScannedForEncodings = 0;
			knownRegions = (
				en,
				de,
			);
			mainGroup = CE1134AB1475846B0000C984;
			productRefGroup = CE1134B71475846B0000C984 /* Products */;
			projectDirPath = "";
			projectRoot = "";
			targets = (
				CE1134B51475846B0000C984 /* Storyboard01_Localizable */,
			);
		};
/* End PBXProject section */

/* Begin PBXResourcesBuildPhase section */
		CE1134B41475846B0000C984 /* Resources */ = {
			isa = PBXResourcesBuildPhase;
			buildActionMask = 2147483647;
			files = (
				CE1134C51475846B0000C984 /* InfoPlist.strings in Resources */,
				CE11351D14758B890000C984 /* Storyboard.storyboard in Resources */,
				CE11352914758D040000C984 /* Localizable.strings in Resources */,
			);
			runOnlyForDeploymentPostprocessing = 0;
		};
/* End PBXResourcesBuildPhase section */

/* Begin PBXSourcesBuildPhase section */
		CE1134B21475846B0000C984 /* Sources */ = {
			isa = PBXSourcesBuildPhase;
			buildActionMask = 2147483647;
			files = (
				CE11351A14758B820000C984 /* main.m in Sources */,
				CE11352014758B8F0000C984 /* AppDelegate.m in Sources */,
				CE113505147587810000C984 /* ColourViewController.m in Sources */,
			);
			runOnlyForDeploymentPostprocessing = 0;
		};
/* End PBXSourcesBuildPhase section */

/* Begin PBXVariantGroup section */
		CE1134C31475846B0000C984 /* InfoPlist.strings */ = {
			isa = PBXVariantGroup;
			children = (
				CE1134C41475846B0000C984 /* en */,
				CEBD3D651475EC0300C2367F /* de */,
			);
			name = InfoPlist.strings;
			sourceTree = "<group>";
		};
		CE11351C14758B820000C984 /* main.m */ = {
			isa = PBXVariantGroup;
			children = (
				CE11351B14758B820000C984 /* en */,
			);
			name = main.m;
			sourceTree = "<group>";
		};
		CE11351F14758B890000C984 /* Storyboard.storyboard */ = {
			isa = PBXVariantGroup;
			children = (
				CE11351E14758B890000C984 /* en */,
				CEBD3D631475E1F500C2367F /* de */,
			);
			name = Storyboard.storyboard;
			path = Storyboard01_Localizable;
			sourceTree = "<group>";
		};
		CE11352214758B8F0000C984 /* AppDelegate.m */ = {
			isa = PBXVariantGroup;
			children = (
				CE11352114758B8F0000C984 /* en */,
			);
			name = AppDelegate.m;
			sourceTree = "<group>";
		};
		CE11352B14758D040000C984 /* Localizable.strings */ = {
			isa = PBXVariantGroup;
			children = (
				CE11352A14758D040000C984 /* en */,
				CE11352C14758D160000C984 /* de */,
			);
			name = Localizable.strings;
			sourceTree = "<group>";
		};
/* End PBXVariantGroup section */

/* Begin XCBuildConfiguration section */
		CE1134CC1475846B0000C984 /* Debug */ = {
			isa = XCBuildConfiguration;
			buildSettings = {
				ALWAYS_SEARCH_USER_PATHS = NO;
				ARCHS = "$(ARCHS_STANDARD_32_BIT)";
				CLANG_ENABLE_OBJC_ARC = YES;
				"CODE_SIGN_IDENTITY[sdk=iphoneos*]" = "iPhone Developer";
				COPY_PHASE_STRIP = NO;
				GCC_C_LANGUAGE_STANDARD = gnu99;
				GCC_DYNAMIC_NO_PIC = NO;
				GCC_OPTIMIZATION_LEVEL = 0;
				GCC_PREPROCESSOR_DEFINITIONS = (
					"DEBUG=1",
					"$(inherited)",
				);
				GCC_SYMBOLS_PRIVATE_EXTERN = NO;
				GCC_VERSION = com.apple.compilers.llvm.clang.1_0;
				GCC_WARN_ABOUT_MISSING_PROTOTYPES = YES;
				GCC_WARN_ABOUT_RETURN_TYPE = YES;
				GCC_WARN_UNUSED_VARIABLE = YES;
				IPHONEOS_DEPLOYMENT_TARGET = 5.0;
				SDKROOT = iphoneos;
			};
			name = Debug;
		};
		CE1134CD1475846B0000C984 /* Release */ = {
			isa = XCBuildConfiguration;
			buildSettings = {
				ALWAYS_SEARCH_USER_PATHS = NO;
				ARCHS = "$(ARCHS_STANDARD_32_BIT)";
				CLANG_ENABLE_OBJC_ARC = YES;
				"CODE_SIGN_IDENTITY[sdk=iphoneos*]" = "iPhone Developer";
				COPY_PHASE_STRIP = YES;
				GCC_C_LANGUAGE_STANDARD = gnu99;
				GCC_VERSION = com.apple.compilers.llvm.clang.1_0;
				GCC_WARN_ABOUT_MISSING_PROTOTYPES = YES;
				GCC_WARN_ABOUT_RETURN_TYPE = YES;
				GCC_WARN_UNUSED_VARIABLE = YES;
				IPHONEOS_DEPLOYMENT_TARGET = 5.0;
				OTHER_CFLAGS = "-DNS_BLOCK_ASSERTIONS=1";
				SDKROOT = iphoneos;
				VALIDATE_PRODUCT = YES;
			};
			name = Release;
		};
		CE1134CF1475846B0000C984 /* Debug */ = {
			isa = XCBuildConfiguration;
			buildSettings = {
				GCC_PRECOMPILE_PREFIX_HEADER = YES;
				GCC_PREFIX_HEADER = "Storyboard01_Localizable/Storyboard01_Localizable-Prefix.pch";
				INFOPLIST_FILE = "Storyboard01_Localizable/Storyboard01_Localizable-Info.plist";
				PRODUCT_NAME = "$(TARGET_NAME)";
				WRAPPER_EXTENSION = app;
			};
			name = Debug;
		};
		CE1134D01475846B0000C984 /* Release */ = {
			isa = XCBuildConfiguration;
			buildSettings = {
				GCC_PRECOMPILE_PREFIX_HEADER = YES;
				GCC_PREFIX_HEADER = "Storyboard01_Localizable/Storyboard01_Localizable-Prefix.pch";
				INFOPLIST_FILE = "Storyboard01_Localizable/Storyboard01_Localizable-Info.plist";
				PRODUCT_NAME = "$(TARGET_NAME)";
				WRAPPER_EXTENSION = app;
			};
			name = Release;
		};
/* End XCBuildConfiguration section */

/* Begin XCConfigurationList section */
		CE1134B01475846B0000C984 /* Build configuration list for PBXProject "Storyboard01_Localizable" */ = {
			isa = XCConfigurationList;
			buildConfigurations = (
				CE1134CC1475846B0000C984 /* Debug */,
				CE1134CD1475846B0000C984 /* Release */,
			);
			defaultConfigurationIsVisible = 0;
			defaultConfigurationName = Release;
		};
		CE1134CE1475846B0000C984 /* Build configuration list for PBXNativeTarget "Storyboard01_Localizable" */ = {
			isa = XCConfigurationList;
			buildConfigurations = (
				CE1134CF1475846B0000C984 /* Debug */,
				CE1134D01475846B0000C984 /* Release */,
			);
			defaultConfigurationIsVisible = 0;
			defaultConfigurationName = Release;
		};
/* End XCConfigurationList section */
	};
	rootObject = CE1134AD1475846B0000C984 /* Project object */;
}
